
Microsoft Visual Studio Solution File, Format Version 12.00
# Visual Studio Version 16
VisualStudioVersion = 16.0.30204.135
MinimumVisualStudioVersion = 10.0.40219.1
Project("{FAE04EC0-301F-11D3-BF4B-00C04F79EFBC}") = "AppTest", "AppTest\AppTest.csproj", "{8A7180CF-1FB9-472E-BE3D-3E349FBD1B28}"
EndProject
Global
	GlobalSection(SolutionConfigurationPlatforms) = preSolution
		Debug|Any CPU = Debug|Any CPU
		Release|Any CPU = Release|Any CPU
	EndGlobalSection
	GlobalSection(ProjectConfigurationPlatforms) = postSolution
		{8A7180CF-1FB9-472E-BE3D-3E349FBD1B28}.Debug|Any CPU.ActiveCfg = Debug|Any CPU
		{8A7180CF-1FB9-472E-BE3D-3E349FBD1B28}.Debug|Any CPU.Build.0 = Debug|Any CPU
		{8A7180CF-1FB9-472E-BE3D-3E349FBD1B28}.Release|Any CPU.ActiveCfg = Release|Any CPU
		{8A7180CF-1FB9-472E-BE3D-3E349FBD1B28}.Release|Any CPU.Build.0 = Release|Any CPU
	EndGlobalSection
	GlobalSection(SolutionProperties) = preSolution
		HideSolutionNode = FALSE
	EndGlobalSection
	GlobalSection(ExtensibilityGlobals) = postSolution
		SolutionGuid = {2CC5D45E-5DE9-4CDA-A8B4-5EEB54FEA0CD}
	EndGlobalSection
EndGlobal
